// !$*UTF8*$!
{
	archiveVersion = 1;
	classes = {
	};
	objectVersion = 50;
	objects = {

/* Begin PBXBuildFile section */
		71ABFEAF26EF5C9300AC736C /* AppDelegate.swift in Sources */ = {isa = PBXBuildFile; fileRef = 71ABFEAE26EF5C9300AC736C /* AppDelegate.swift */; };
		71ABFEB126EF5C9300AC736C /* SceneDelegate.swift in Sources */ = {isa = PBXBuildFile; fileRef = 71ABFEB026EF5C9300AC736C /* SceneDelegate.swift */; };
		71ABFEB326EF5C9300AC736C /* ViewController.swift in Sources */ = {isa = PBXBuildFile; fileRef = 71ABFEB226EF5C9300AC736C /* ViewController.swift */; };
		71ABFEB626EF5C9300AC736C /* Main.storyboard in Resources */ = {isa = PBXBuildFile; fileRef = 71ABFEB426EF5C9300AC736C /* Main.storyboard */; };
		71ABFEB826EF5C9400AC736C /* Assets.xcassets in Resources */ = {isa = PBXBuildFile; fileRef = 71ABFEB726EF5C9400AC736C /* Assets.xcassets */; };
		71ABFEBB26EF5C9400AC736C /* LaunchScreen.storyboard in Resources */ = {isa = PBXBuildFile; fileRef = 71ABFEB926EF5C9400AC736C /* LaunchScreen.storyboard */; };
		CE8A8705C8CC0ED2163BBE2C /* libPods-CocoapodActions.a in Frameworks */ = {isa = PBXBuildFile; fileRef = 1011271A4B5A505223D8B2E3 /* libPods-CocoapodActions.a */; };
/* End PBXBuildFile section */

/* Begin PBXFileReference section */
		1011271A4B5A505223D8B2E3 /* libPods-CocoapodActions.a */ = {isa = PBXFileReference; explicitFileType = archive.ar; includeInIndex = 0; path = "libPods-CocoapodActions.a"; sourceTree = BUILT_PRODUCTS_DIR; };
		71ABFEAB26EF5C9300AC736C /* CocoapodActions.app */ = {isa = PBXFileReference; explicitFileType = wrapper.application; includeInIndex = 0; path = CocoapodActions.app; sourceTree = BUILT_PRODUCTS_DIR; };
		71ABFEAE26EF5C9300AC736C /* AppDelegate.swift */ = {isa = PBXFileReference; lastKnownFileType = sourcecode.swift; path = AppDelegate.swift; sourceTree = "<group>"; };
		71ABFEB026EF5C9300AC736C /* SceneDelegate.swift */ = {isa = PBXFileReference; lastKnownFileType = sourcecode.swift; path = SceneDelegate.swift; sourceTree = "<group>"; };
		71ABFEB226EF5C9300AC736C /* ViewController.swift */ = {isa = PBXFileReference; lastKnownFileType = sourcecode.swift; path = ViewController.swift; sourceTree = "<group>"; };
		71ABFEB526EF5C9300AC736C /* Base */ = {isa = PBXFileReference; lastKnownFileType = file.storyboard; name = Base; path = Base.lproj/Main.storyboard; sourceTree = "<group>"; };
		71ABFEB726EF5C9400AC736C /* Assets.xcassets */ = {isa = PBXFileReference; lastKnownFileType = folder.assetcatalog; path = Assets.xcassets; sourceTree = "<group>"; };
		71ABFEBA26EF5C9400AC736C /* Base */ = {isa = PBXFileReference; lastKnownFileType = file.storyboard; name = Base; path = Base.lproj/LaunchScreen.storyboard; sourceTree = "<group>"; };
		71ABFEBC26EF5C9400AC736C /* Info.plist */ = {isa = PBXFileReference; lastKnownFileType = text.plist.xml; path = Info.plist; sourceTree = "<group>"; };
		BD393E33475499532231EC03 /* Pods-CocoapodActions.debug.xcconfig */ = {isa = PBXFileReference; includeInIndex = 1; lastKnownFileType = text.xcconfig; name = "Pods-CocoapodActions.debug.xcconfig"; path = "Target Support Files/Pods-CocoapodActions/Pods-CocoapodActions.debug.xcconfig"; sourceTree = "<group>"; };
		F447C85AD036C1B85AEF50AF /* Pods-CocoapodActions.release.xcconfig */ = {isa = PBXFileReference; includeInIndex = 1; lastKnownFileType = text.xcconfig; name = "Pods-CocoapodActions.release.xcconfig"; path = "Target Support Files/Pods-CocoapodActions/Pods-CocoapodActions.release.xcconfig"; sourceTree = "<group>"; };
/* End PBXFileReference section */

/* Begin PBXFrameworksBuildPhase section */
		71ABFEA826EF5C9300AC736C /* Frameworks */ = {
			isa = PBXFrameworksBuildPhase;
			buildActionMask = 2147483647;
			files = (
				CE8A8705C8CC0ED2163BBE2C /* libPods-CocoapodActions.a in Frameworks */,
			);
			runOnlyForDeploymentPostprocessing = 0;
		};
/* End PBXFrameworksBuildPhase section */

/* Begin PBXGroup section */
		664DBDC6B866728CC4F08288 /* Frameworks */ = {
			isa = PBXGroup;
			children = (
				1011271A4B5A505223D8B2E3 /* libPods-CocoapodActions.a */,
			);
			name = Frameworks;
			sourceTree = "<group>";
		};
		71ABFEA226EF5C9300AC736C = {
			isa = PBXGroup;
			children = (
				71ABFEAD26EF5C9300AC736C /* CocoapodActions */,
				71ABFEAC26EF5C9300AC736C /* Products */,
				F29C22322E948AF7EF4514D8 /* Pods */,
				664DBDC6B866728CC4F08288 /* Frameworks */,
			);
			sourceTree = "<group>";
		};
		71ABFEAC26EF5C9300AC736C /* Products */ = {
			isa = PBXGroup;
			children = (
				71ABFEAB26EF5C9300AC736C /* CocoapodActions.app */,
			);
			name = Products;
			sourceTree = "<group>";
		};
		71ABFEAD26EF5C9300AC736C /* CocoapodActions */ = {
			isa = PBXGroup;
			children = (
				71ABFEAE26EF5C9300AC736C /* AppDelegate.swift */,
				71ABFEB026EF5C9300AC736C /* SceneDelegate.swift */,
				71ABFEB226EF5C9300AC736C /* ViewController.swift */,
				71ABFEB426EF5C9300AC736C /* Main.storyboard */,
				71ABFEB726EF5C9400AC736C /* Assets.xcassets */,
				71ABFEB926EF5C9400AC736C /* LaunchScreen.storyboard */,
				71ABFEBC26EF5C9400AC736C /* Info.plist */,
			);
			path = CocoapodActions;
			sourceTree = "<group>";
		};
		F29C22322E948AF7EF4514D8 /* Pods */ = {
			isa = PBXGroup;
			children = (
				BD393E33475499532231EC03 /* Pods-CocoapodActions.debug.xcconfig */,
				F447C85AD036C1B85AEF50AF /* Pods-CocoapodActions.release.xcconfig */,
			);
			name = Pods;
			path = Pods;
			sourceTree = "<group>";
		};
/* End PBXGroup section */

/* Begin PBXNativeTarget section */
		71ABFEAA26EF5C9300AC736C /* CocoapodActions */ = {
			isa = PBXNativeTarget;
			buildConfigurationList = 71ABFEBF26EF5C9400AC736C /* Build configuration list for PBXNativeTarget "CocoapodActions" */;
			buildPhases = (
				F2232B28249BE013D6288F59 /* [CP] Check Pods Manifest.lock */,
				71ABFEA726EF5C9300AC736C /* Sources */,
				71ABFEA826EF5C9300AC736C /* Frameworks */,
				71ABFEA926EF5C9300AC736C /* Resources */,
				1219A12D15A39189B3B70E8E /* [CP] Copy Pods Resources */,
			);
			buildRules = (
			);
			dependencies = (
			);
			name = CocoapodActions;
			productName = CocoapodActions;
			productReference = 71ABFEAB26EF5C9300AC736C /* CocoapodActions.app */;
			productType = "com.apple.product-type.application";
		};
/* End PBXNativeTarget section */

/* Begin PBXProject section */
		71ABFEA326EF5C9300AC736C /* Project object */ = {
			isa = PBXProject;
			attributes = {
				LastSwiftUpdateCheck = 1240;
				LastUpgradeCheck = 1240;
				TargetAttributes = {
					71ABFEAA26EF5C9300AC736C = {
						CreatedOnToolsVersion = 12.4;
					};
				};
			};
			buildConfigurationList = 71ABFEA626EF5C9300AC736C /* Build configuration list for PBXProject "CocoapodActions" */;
			compatibilityVersion = "Xcode 9.3";
			developmentRegion = en;
			hasScannedForEncodings = 0;
			knownRegions = (
				en,
				Base,
			);
			mainGroup = 71ABFEA226EF5C9300AC736C;
			productRefGroup = 71ABFEAC26EF5C9300AC736C /* Products */;
			projectDirPath = "";
			projectRoot = "";
			targets = (
				71ABFEAA26EF5C9300AC736C /* CocoapodActions */,
			);
		};
/* End PBXProject section */

/* Begin PBXResourcesBuildPhase section */
		71ABFEA926EF5C9300AC736C /* Resources */ = {
			isa = PBXResourcesBuildPhase;
			buildActionMask = 2147483647;
			files = (
				71ABFEBB26EF5C9400AC736C /* LaunchScreen.storyboard in Resources */,
				71ABFEB826EF5C9400AC736C /* Assets.xcassets in Resources */,
				71ABFEB626EF5C9300AC736C /* Main.storyboard in Resources */,
			);
			runOnlyForDeploymentPostprocessing = 0;
		};
/* End PBXResourcesBuildPhase section */

/* Begin PBXShellScriptBuildPhase section */
		1219A12D15A39189B3B70E8E /* [CP] Copy Pods Resources */ = {
			isa = PBXShellScriptBuildPhase;
			buildActionMask = 2147483647;
			files = (
			);
			inputFileListPaths = (
				"${PODS_ROOT}/Target Support Files/Pods-CocoapodActions/Pods-CocoapodActions-resources-${CONFIGURATION}-input-files.xcfilelist",
			);
			name = "[CP] Copy Pods Resources";
			outputFileListPaths = (
				"${PODS_ROOT}/Target Support Files/Pods-CocoapodActions/Pods-CocoapodActions-resources-${CONFIGURATION}-output-files.xcfilelist",
			);
			runOnlyForDeploymentPostprocessing = 0;
			shellPath = /bin/sh;
			shellScript = "\"${PODS_ROOT}/Target Support Files/Pods-CocoapodActions/Pods-CocoapodActions-resources.sh\"\n";
			showEnvVarsInLog = 0;
		};
		F2232B28249BE013D6288F59 /* [CP] Check Pods Manifest.lock */ = {
			isa = PBXShellScriptBuildPhase;
			buildActionMask = 2147483647;
			files = (
			);
			inputFileListPaths = (
			);
			inputPaths = (
				"${PODS_PODFILE_DIR_PATH}/Podfile.lock",
				"${PODS_ROOT}/Manifest.lock",
			);
			name = "[CP] Check Pods Manifest.lock";
			outputFileListPaths = (
			);
			outputPaths = (
				"$(DERIVED_FILE_DIR)/Pods-CocoapodActions-checkManifestLockResult.txt",
			);
			runOnlyForDeploymentPostprocessing = 0;
			shellPath = /bin/sh;
			shellScript = "diff \"${PODS_PODFILE_DIR_PATH}/Podfile.lock\" \"${PODS_ROOT}/Manifest.lock\" > /dev/null\nif [ $? != 0 ] ; then\n    # print error to STDERR\n    echo \"error: The sandbox is not in sync with the Podfile.lock. Run 'pod install' or update your CocoaPods installation.\" >&2\n    exit 1\nfi\n# This output is used by Xcode 'outputs' to avoid re-running this script phase.\necho \"SUCCESS\" > \"${SCRIPT_OUTPUT_FILE_0}\"\n";
			showEnvVarsInLog = 0;
		};
/* End PBXShellScriptBuildPhase section */

/* Begin PBXSourcesBuildPhase section */
		71ABFEA726EF5C9300AC736C /* Sources */ = {
			isa = PBXSourcesBuildPhase;
			buildActionMask = 2147483647;
			files = (
				71ABFEB326EF5C9300AC736C /* ViewController.swift in Sources */,
				71ABFEAF26EF5C9300AC736C /* AppDelegate.swift in Sources */,
				71ABFEB126EF5C9300AC736C /* SceneDelegate.swift in Sources */,
			);
			runOnlyForDeploymentPostprocessing = 0;
		};
/* End PBXSourcesBuildPhase section */

/* Begin PBXVariantGroup section */
		71ABFEB426EF5C9300AC736C /* Main.storyboard */ = {
			isa = PBXVariantGroup;
			children = (
				71ABFEB526EF5C9300AC736C /* Base */,
			);
			name = Main.storyboard;
			sourceTree = "<group>";
		};
		71ABFEB926EF5C9400AC736C /* LaunchScreen.storyboard */ = {
			isa = PBXVariantGroup;
			children = (
				71ABFEBA26EF5C9400AC736C /* Base */,
			);
			name = LaunchScreen.storyboard;
			sourceTree = "<group>";
		};
/* End PBXVariantGroup section */

/* Begin XCBuildConfiguration section */
		71ABFEBD26EF5C9400AC736C /* Debug */ = {
			isa = XCBuildConfiguration;
			buildSettings = {
				ALWAYS_SEARCH_USER_PATHS = NO;
				CLANG_ANALYZER_NONNULL = YES;
				CLANG_ANALYZER_NUMBER_OBJECT_CONVERSION = YES_AGGRESSIVE;
				CLANG_CXX_LANGUAGE_STANDARD = "gnu++14";
				CLANG_CXX_LIBRARY = "libc++";
				CLANG_ENABLE_MODULES = YES;
				CLANG_ENABLE_OBJC_ARC = YES;
				CLANG_ENABLE_OBJC_WEAK = YES;
				CLANG_WARN_BLOCK_CAPTURE_AUTORELEASING = YES;
				CLANG_WARN_BOOL_CONVERSION = YES;
				CLANG_WARN_COMMA = YES;
				CLANG_WARN_CONSTANT_CONVERSION = YES;
				CLANG_WARN_DEPRECATED_OBJC_IMPLEMENTATIONS = YES;
				CLANG_WARN_DIRECT_OBJC_ISA_USAGE = YES_ERROR;
				CLANG_WARN_DOCUMENTATION_COMMENTS = YES;
				CLANG_WARN_EMPTY_BODY = YES;
				CLANG_WARN_ENUM_CONVERSION = YES;
				CLANG_WARN_INFINITE_RECURSION = YES;
				CLANG_WARN_INT_CONVERSION = YES;
				CLANG_WARN_NON_LITERAL_NULL_CONVERSION = YES;
				CLANG_WARN_OBJC_IMPLICIT_RETAIN_SELF = YES;
				CLANG_WARN_OBJC_LITERAL_CONVERSION = YES;
				CLANG_WARN_OBJC_ROOT_CLASS = YES_ERROR;
				CLANG_WARN_QUOTED_INCLUDE_IN_FRAMEWORK_HEADER = YES;
				CLANG_WARN_RANGE_LOOP_ANALYSIS = YES;
				CLANG_WARN_STRICT_PROTOTYPES = YES;
				CLANG_WARN_SUSPICIOUS_MOVE = YES;
				CLANG_WARN_UNGUARDED_AVAILABILITY = YES_AGGRESSIVE;
				CLANG_WARN_UNREACHABLE_CODE = YES;
				CLANG_WARN__DUPLICATE_METHOD_MATCH = YES;
				COPY_PHASE_STRIP = NO;
				DEBUG_INFORMATION_FORMAT = dwarf;
				ENABLE_STRICT_OBJC_MSGSEND = YES;
				ENABLE_TESTABILITY = YES;
				GCC_C_LANGUAGE_STANDARD = gnu11;
				GCC_DYNAMIC_NO_PIC = NO;
				GCC_NO_COMMON_BLOCKS = YES;
				GCC_OPTIMIZATION_LEVEL = 0;
				GCC_PREPROCESSOR_DEFINITIONS = (
					"DEBUG=1",
					"$(inherited)",
				);
				GCC_WARN_64_TO_32_BIT_CONVERSION = YES;
				GCC_WARN_ABOUT_RETURN_TYPE = YES_ERROR;
				GCC_WARN_UNDECLARED_SELECTOR = YES;
				GCC_WARN_UNINITIALIZED_AUTOS = YES_AGGRESSIVE;
				GCC_WARN_UNUSED_FUNCTION = YES;
				GCC_WARN_UNUSED_VARIABLE = YES;
				IPHONEOS_DEPLOYMENT_TARGET = 14.4;
				MTL_ENABLE_DEBUG_INFO = INCLUDE_SOURCE;
				MTL_FAST_MATH = YES;
				ONLY_ACTIVE_ARCH = YES;
				SDKROOT = iphoneos;
				SWIFT_ACTIVE_COMPILATION_CONDITIONS = DEBUG;
				SWIFT_OPTIMIZATION_LEVEL = "-Onone";
			};
			name = Debug;
		};
		71ABFEBE26EF5C9400AC736C /* Release */ = {
			isa = XCBuildConfiguration;
			buildSettings = {
				ALWAYS_SEARCH_USER_PATHS = NO;
				CLANG_ANALYZER_NONNULL = YES;
				CLANG_ANALYZER_NUMBER_OBJECT_CONVERSION = YES_AGGRESSIVE;
				CLANG_CXX_LANGUAGE_STANDARD = "gnu++14";
				CLANG_CXX_LIBRARY = "libc++";
				CLANG_ENABLE_MODULES = YES;
				CLANG_ENABLE_OBJC_ARC = YES;
				CLANG_ENABLE_OBJC_WEAK = YES;
				CLANG_WARN_BLOCK_CAPTURE_AUTORELEASING = YES;
				CLANG_WARN_BOOL_CONVERSION = YES;
				CLANG_WARN_COMMA = YES;
				CLANG_WARN_CONSTANT_CONVERSION = YES;
				CLANG_WARN_DEPRECATED_OBJC_IMPLEMENTATIONS = YES;
				CLANG_WARN_DIRECT_OBJC_ISA_USAGE = YES_ERROR;
				CLANG_WARN_DOCUMENTATION_COMMENTS = YES;
				CLANG_WARN_EMPTY_BODY = YES;
				CLANG_WARN_ENUM_CONVERSION = YES;
				CLANG_WARN_INFINITE_RECURSION = YES;
				CLANG_WARN_INT_CONVERSION = YES;
				CLANG_WARN_NON_LITERAL_NULL_CONVERSION = YES;
				CLANG_WARN_OBJC_IMPLICIT_RETAIN_SELF = YES;
				CLANG_WARN_OBJC_LITERAL_CONVERSION = YES;
				CLANG_WARN_OBJC_ROOT_CLASS = YES_ERROR;
				CLANG_WARN_QUOTED_INCLUDE_IN_FRAMEWORK_HEADER = YES;
				CLANG_WARN_RANGE_LOOP_ANALYSIS = YES;
				CLANG_WARN_STRICT_PROTOTYPES = YES;
				CLANG_WARN_SUSPICIOUS_MOVE = YES;
				CLANG_WARN_UNGUARDED_AVAILABILITY = YES_AGGRESSIVE;
				CLANG_WARN_UNREACHABLE_CODE = YES;
				CLANG_WARN__DUPLICATE_METHOD_MATCH = YES;
				COPY_PHASE_STRIP = NO;
				DEBUG_INFORMATION_FORMAT = "dwarf-with-dsym";
				ENABLE_NS_ASSERTIONS = NO;
				ENABLE_STRICT_OBJC_MSGSEND = YES;
				GCC_C_LANGUAGE_STANDARD = gnu11;
				GCC_NO_COMMON_BLOCKS = YES;
				GCC_WARN_64_TO_32_BIT_CONVERSION = YES;
				GCC_WARN_ABOUT_RETURN_TYPE = YES_ERROR;
				GCC_WARN_UNDECLARED_SELECTOR = YES;
				GCC_WARN_UNINITIALIZED_AUTOS = YES_AGGRESSIVE;
				GCC_WARN_UNUSED_FUNCTION = YES;
				GCC_WARN_UNUSED_VARIABLE = YES;
				IPHONEOS_DEPLOYMENT_TARGET = 14.4;
				MTL_ENABLE_DEBUG_INFO = NO;
				MTL_FAST_MATH = YES;
				SDKROOT = iphoneos;
				SWIFT_COMPILATION_MODE = wholemodule;
				SWIFT_OPTIMIZATION_LEVEL = "-O";
				VALIDATE_PRODUCT = YES;
			};
			name = Release;
		};
		71ABFEC026EF5C9400AC736C /* Debug */ = {
			isa = XCBuildConfiguration;
			baseConfigurationReference = BD393E33475499532231EC03 /* Pods-CocoapodActions.debug.xcconfig */;
			buildSettings = {
				ASSETCATALOG_COMPILER_APPICON_NAME = AppIcon;
				ASSETCATALOG_COMPILER_GLOBAL_ACCENT_COLOR_NAME = AccentColor;
				CODE_SIGN_STYLE = Automatic;
				INFOPLIST_FILE = CocoapodActions/Info.plist;
				LD_RUNPATH_SEARCH_PATHS = (
					"$(inherited)",
					"@executable_path/Frameworks",
				);
				PRODUCT_BUNDLE_IDENTIFIER = com.example.app.CocoapodActions;
				PRODUCT_NAME = "$(TARGET_NAME)";
				SWIFT_VERSION = 5.0;
				TARGETED_DEVICE_FAMILY = "1,2";
			};
			name = Debug;
		};
		71ABFEC126EF5C9400AC736C /* Release */ = {
			isa = XCBuildConfiguration;
			baseConfigurationReference = F447C85AD036C1B85AEF50AF /* Pods-CocoapodActions.release.xcconfig */;
			buildSettings = {
				ASSETCATALOG_COMPILER_APPICON_NAME = AppIcon;
				ASSETCATALOG_COMPILER_GLOBAL_ACCENT_COLOR_NAME = AccentColor;
				CODE_SIGN_STYLE = Automatic;
				INFOPLIST_FILE = CocoapodActions/Info.plist;
				LD_RUNPATH_SEARCH_PATHS = (
					"$(inherited)",
					"@executable_path/Frameworks",
				);
				PRODUCT_BUNDLE_IDENTIFIER = com.example.app.CocoapodActions;
				PRODUCT_NAME = "$(TARGET_NAME)";
				SWIFT_VERSION = 5.0;
				TARGETED_DEVICE_FAMILY = "1,2";
			};
			name = Release;
		};
/* End XCBuildConfiguration section */

/* Begin XCConfigurationList section */
		71ABFEA626EF5C9300AC736C /* Build configuration list for PBXProject "CocoapodActions" */ = {
			isa = XCConfigurationList;
			buildConfigurations = (
				71ABFEBD26EF5C9400AC736C /* Debug */,
				71ABFEBE26EF5C9400AC736C /* Release */,
			);
			defaultConfigurationIsVisible = 0;
			defaultConfigurationName = Release;
		};
		71ABFEBF26EF5C9400AC736C /* Build configuration list for PBXNativeTarget "CocoapodActions" */ = {
			isa = XCConfigurationList;
			buildConfigurations = (
				71ABFEC026EF5C9400AC736C /* Debug */,
				71ABFEC126EF5C9400AC736C /* Release */,
			);
			defaultConfigurationIsVisible = 0;
			defaultConfigurationName = Release;
		};
/* End XCConfigurationList section */
	};
	rootObject = 71ABFEA326EF5C9300AC736C /* Project object */;
}
